
Microsoft Visual Studio Solution File, Format Version 12.00
# Visual Studio Version 16
VisualStudioVersion = 16.0.30523.141
MinimumVisualStudioVersion = 10.0.40219.1
Project("{FAE04EC0-301F-11D3-BF4B-00C04F79EFBC}") = "image-processing", "image-processing\image-processing.csproj", "{45A57905-31B8-4B37-A797-6F26BAC5BB53}"
EndProject
Global
	GlobalSection(SolutionConfigurationPlatforms) = preSolution
		Debug|Any CPU = Debug|Any CPU
		Release|Any CPU = Release|Any CPU
	EndGlobalSection
	GlobalSection(ProjectConfigurationPlatforms) = postSolution
		{45A57905-31B8-4B37-A797-6F26BAC5BB53}.Debug|Any CPU.ActiveCfg = Debug|Any CPU
		{45A57905-31B8-4B37-A797-6F26BAC5BB53}.Debug|Any CPU.Build.0 = Debug|Any CPU
		{45A57905-31B8-4B37-A797-6F26BAC5BB53}.Release|Any CPU.ActiveCfg = Release|Any CPU
		{45A57905-31B8-4B37-A797-6F26BAC5BB53}.Release|Any CPU.Build.0 = Release|Any CPU
	EndGlobalSection
	GlobalSection(SolutionProperties) = preSolution
		HideSolutionNode = FALSE
	EndGlobalSection
	GlobalSection(ExtensibilityGlobals) = postSolution
		SolutionGuid = {4F0E5391-3540-4F76-8200-6F4F038A4D17}
	EndGlobalSection
EndGlobal
